{
  "name": "codelab-elements",
  "version": "1.0.1",
  "lockfileVersion": 1,
  "requires": true,
  "dependencies": {
    "@bazel/bazel": {
      "version": "2.1.0",
      "resolved": "https://registry.npmjs.org/@bazel/bazel/-/bazel-2.1.0.tgz",
      "integrity": "sha512-3Dhs0uJ69ImqC+VIRcifnptPXytxCNWHqyTMFYf0F5AJCVHHW7uRE0tt3Vhm5BseFpdOsjqcghgxGzR/yo10qw==",
      "dev": true,
      "requires": {
        "@bazel/bazel-darwin_x64": "2.1.0",
        "@bazel/bazel-linux_x64": "2.1.0",
        "@bazel/bazel-win32_x64": "2.1.0",
        "@bazel/hide-bazel-files": "^1.6.1"
      },
      "dependencies": {
        "@bazel/bazel-darwin_x64": {
          "version": "2.1.0",
          "resolved": "https://registry.npmjs.org/@bazel/bazel-darwin_x64/-/bazel-darwin_x64-2.1.0.tgz",
          "integrity": "sha512-9waB/6UT6JmQh8qxlRK9IfSY4Ef+4iGwy5eYK2hoc1zXYDnnZoZoC4eXiq68cWTpyCcT7SNGEb9B3wL5Y5rA9A==",
          "dev": true,
          "optional": true
        },
        "@bazel/bazel-linux_x64": {
          "version": "2.1.0",
          "resolved": "https://registry.npmjs.org/@bazel/bazel-linux_x64/-/bazel-linux_x64-2.1.0.tgz",
          "integrity": "sha512-ag6ZwYMJblf1YuPhNRAMyCYf164mY8jhdIwPSVFI1CMiBRnSDJBkSg7rVIczPh+8Gp7TDqAno9MMTnfUXzxogA==",
          "dev": true,
          "optional": true
        },
        "@bazel/bazel-win32_x64": {
          "version": "2.1.0",
          "resolved": "https://registry.npmjs.org/@bazel/bazel-win32_x64/-/bazel-win32_x64-2.1.0.tgz",
          "integrity": "sha512-Y6cs3frmCqoAsrDmEp0msyS8VYE13JvjVoyvdIXTOh5Cc4fOeWzSPb02VS08asaV1jCnOQbv15Ud286hcxAvxg==",
          "dev": true,
          "optional": true
        }
      }
    },
    "@bazel/hide-bazel-files": {
      "version": "1.6.1",
      "resolved": "https://registry.npmjs.org/@bazel/hide-bazel-files/-/hide-bazel-files-1.6.1.tgz",
      "integrity": "sha512-jTzrgPbVtZvcSXjKs9azMcehT5xc4Q8klC69/td4hFYnKDDkbKCnKXOeSvKZuGhpjkfUxxC54lWPMnEyACuIkQ==",
      "dev": true
    }
  }
}
